Microsoft Visual Studio Solution File, Format Version 11.00
# Visual Studio 2010
Project("{FAE04EC0-301F-11D3-BF4B-00C04F79EFBC}") = "RiaServicesMailMerge", "RiaServicesMailMerge\RiaServicesMailMerge.csproj", "{FE987173-9AA6-4F15-BEA4-F28ACF43EE5C}"
	ProjectSection(ProjectDependencies) = postProject
		{68BFFC07-ACEB-4116-A0B3-688B67927A89} = {68BFFC07-ACEB-4116-A0B3-688B67927A89}
	EndProjectSection
EndProject
Project("{FAE04EC0-301F-11D3-BF4B-00C04F79EFBC}") = "RiaServicesMailMerge.Web", "RiaServicesMailMerge.Web\RiaServicesMailMerge.Web.csproj", "{68BFFC07-ACEB-4116-A0B3-688B67927A89}"
EndProject
Global
	GlobalSection(SolutionConfigurationPlatforms) = preSolution
		Debug|Any CPU = Debug|Any CPU
		Release|Any CPU = Release|Any CPU
	EndGlobalSection
	GlobalSection(ProjectConfigurationPlatforms) = postSolution
		{FE987173-9AA6-4F15-BEA4-F28ACF43EE5C}.Debug|Any CPU.ActiveCfg = Debug|Any CPU
		{FE987173-9AA6-4F15-BEA4-F28ACF43EE5C}.Debug|Any CPU.Build.0 = Debug|Any CPU
		{FE987173-9AA6-4F15-BEA4-F28ACF43EE5C}.Release|Any CPU.ActiveCfg = Release|Any CPU
		{FE987173-9AA6-4F15-BEA4-F28ACF43EE5C}.Release|Any CPU.Build.0 = Release|Any CPU
		{68BFFC07-ACEB-4116-A0B3-688B67927A89}.Debug|Any CPU.ActiveCfg = Debug|Any CPU
		{68BFFC07-ACEB-4116-A0B3-688B67927A89}.Debug|Any CPU.Build.0 = Debug|Any CPU
		{68BFFC07-ACEB-4116-A0B3-688B67927A89}.Release|Any CPU.ActiveCfg = Release|Any CPU
		{68BFFC07-ACEB-4116-A0B3-688B67927A89}.Release|Any CPU.Build.0 = Release|Any CPU
	EndGlobalSection
	GlobalSection(SolutionProperties) = preSolution
		HideSolutionNode = FALSE
	EndGlobalSection
EndGlobal
